
Microsoft Visual Studio Solution File, Format Version 11.00
# Visual Studio 2010
Project("{FAE04EC0-301F-11D3-BF4B-00C04F79EFBC}") = "RelativeTime", "RelativeTime\RelativeTime.csproj", "{28CC8668-2FB8-46F7-9072-2C240A634F27}"
EndProject
Project("{FAE04EC0-301F-11D3-BF4B-00C04F79EFBC}") = "RelativeTime.Tests", "RelativeTime.Tests\RelativeTime.Tests.csproj", "{270CC908-2443-4BFF-AA19-3920F02F69B5}"
EndProject
Project("{2150E333-8FDC-42A3-9474-1A3956D46DE8}") = "Solution Items", "Solution Items", "{1A3BA4D1-BCDE-421F-977E-69333D018630}"
	ProjectSection(SolutionItems) = preProject
		Local.testsettings = Local.testsettings
		RelativeTime.vsmdi = RelativeTime.vsmdi
		SolutionInfo.cs = SolutionInfo.cs
		TraceAndTestImpact.testsettings = TraceAndTestImpact.testsettings
	EndProjectSection
EndProject
Global
	GlobalSection(TestCaseManagementSettings) = postSolution
		CategoryFile = RelativeTime.vsmdi
	EndGlobalSection
	GlobalSection(SolutionConfigurationPlatforms) = preSolution
		Debug|Any CPU = Debug|Any CPU
		Release|Any CPU = Release|Any CPU
	EndGlobalSection
	GlobalSection(ProjectConfigurationPlatforms) = postSolution
		{28CC8668-2FB8-46F7-9072-2C240A634F27}.Debug|Any CPU.ActiveCfg = Debug|Any CPU
		{28CC8668-2FB8-46F7-9072-2C240A634F27}.Debug|Any CPU.Build.0 = Debug|Any CPU
		{28CC8668-2FB8-46F7-9072-2C240A634F27}.Release|Any CPU.ActiveCfg = Release|Any CPU
		{28CC8668-2FB8-46F7-9072-2C240A634F27}.Release|Any CPU.Build.0 = Release|Any CPU
		{270CC908-2443-4BFF-AA19-3920F02F69B5}.Debug|Any CPU.ActiveCfg = Debug|Any CPU
		{270CC908-2443-4BFF-AA19-3920F02F69B5}.Debug|Any CPU.Build.0 = Debug|Any CPU
		{270CC908-2443-4BFF-AA19-3920F02F69B5}.Release|Any CPU.ActiveCfg = Release|Any CPU
		{270CC908-2443-4BFF-AA19-3920F02F69B5}.Release|Any CPU.Build.0 = Release|Any CPU
	EndGlobalSection
	GlobalSection(SolutionProperties) = preSolution
		HideSolutionNode = FALSE
	EndGlobalSection
EndGlobal
